
Microsoft Visual Studio Solution File, Format Version 12.00
Project("{FAE04EC0-301F-11D3-BF4B-00C04F79EFBC}") = "MichaelPage.API", "MichaelPage.API\MichaelPage.API.csproj", "{49356D39-11BB-4022-BAC9-47E35D6E0914}"
EndProject
Project("{FAE04EC0-301F-11D3-BF4B-00C04F79EFBC}") = "MichaelPage.Application", "MichaelPage.Application\MichaelPage.Application.csproj", "{D971728C-AEE1-40A1-9671-05DD920B7BB0}"
EndProject
Project("{FAE04EC0-301F-11D3-BF4B-00C04F79EFBC}") = "MichaelPage.Core", "MichaelPage.Core\MichaelPage.Core.csproj", "{B9FA73C5-FF85-446E-803B-FF4536128D93}"
EndProject
Project("{FAE04EC0-301F-11D3-BF4B-00C04F79EFBC}") = "MichaelPage.Infrastructure", "MichaelPage.Infrastructure\MichaelPage.Infrastructure.csproj", "{1502EA7D-C4AC-4BC5-AA0B-2F116D589672}"
EndProject
Project("{FAE04EC0-301F-11D3-BF4B-00C04F79EFBC}") = "MichaelPage.Common", "MichaelPage.Common\MichaelPage.Common.csproj", "{A51E0A50-26FC-4240-9020-2C4A0542548F}"
EndProject
Global
	GlobalSection(SolutionConfigurationPlatforms) = preSolution
		Debug|Any CPU = Debug|Any CPU
		Release|Any CPU = Release|Any CPU
	EndGlobalSection
	GlobalSection(ProjectConfigurationPlatforms) = postSolution
		{49356D39-11BB-4022-BAC9-47E35D6E0914}.Debug|Any CPU.ActiveCfg = Debug|Any CPU
		{49356D39-11BB-4022-BAC9-47E35D6E0914}.Debug|Any CPU.Build.0 = Debug|Any CPU
		{49356D39-11BB-4022-BAC9-47E35D6E0914}.Release|Any CPU.ActiveCfg = Release|Any CPU
		{49356D39-11BB-4022-BAC9-47E35D6E0914}.Release|Any CPU.Build.0 = Release|Any CPU
		{D971728C-AEE1-40A1-9671-05DD920B7BB0}.Debug|Any CPU.ActiveCfg = Debug|Any CPU
		{D971728C-AEE1-40A1-9671-05DD920B7BB0}.Debug|Any CPU.Build.0 = Debug|Any CPU
		{D971728C-AEE1-40A1-9671-05DD920B7BB0}.Release|Any CPU.ActiveCfg = Release|Any CPU
		{D971728C-AEE1-40A1-9671-05DD920B7BB0}.Release|Any CPU.Build.0 = Release|Any CPU
		{B9FA73C5-FF85-446E-803B-FF4536128D93}.Debug|Any CPU.ActiveCfg = Debug|Any CPU
		{B9FA73C5-FF85-446E-803B-FF4536128D93}.Debug|Any CPU.Build.0 = Debug|Any CPU
		{B9FA73C5-FF85-446E-803B-FF4536128D93}.Release|Any CPU.ActiveCfg = Release|Any CPU
		{B9FA73C5-FF85-446E-803B-FF4536128D93}.Release|Any CPU.Build.0 = Release|Any CPU
		{1502EA7D-C4AC-4BC5-AA0B-2F116D589672}.Debug|Any CPU.ActiveCfg = Debug|Any CPU
		{1502EA7D-C4AC-4BC5-AA0B-2F116D589672}.Debug|Any CPU.Build.0 = Debug|Any CPU
		{1502EA7D-C4AC-4BC5-AA0B-2F116D589672}.Release|Any CPU.ActiveCfg = Release|Any CPU
		{1502EA7D-C4AC-4BC5-AA0B-2F116D589672}.Release|Any CPU.Build.0 = Release|Any CPU
		{A51E0A50-26FC-4240-9020-2C4A0542548F}.Debug|Any CPU.ActiveCfg = Debug|Any CPU
		{A51E0A50-26FC-4240-9020-2C4A0542548F}.Debug|Any CPU.Build.0 = Debug|Any CPU
		{A51E0A50-26FC-4240-9020-2C4A0542548F}.Release|Any CPU.ActiveCfg = Release|Any CPU
		{A51E0A50-26FC-4240-9020-2C4A0542548F}.Release|Any CPU.Build.0 = Release|Any CPU
	EndGlobalSection
EndGlobal
